
Microsoft Visual Studio Solution File, Format Version 12.00
# Visual Studio Version 16
VisualStudioVersion = 16.0.29519.87
MinimumVisualStudioVersion = 10.0.40219.1
Project("{FAE04EC0-301F-11D3-BF4B-00C04F79EFBC}") = "Selenium", "Selenium\Selenium.csproj", "{1127FF27-B9BB-4AFB-B157-C9952C7A8E6C}"
EndProject
Global
	GlobalSection(SolutionConfigurationPlatforms) = preSolution
		Debug|Any CPU = Debug|Any CPU
		Release|Any CPU = Release|Any CPU
	EndGlobalSection
	GlobalSection(ProjectConfigurationPlatforms) = postSolution
		{1127FF27-B9BB-4AFB-B157-C9952C7A8E6C}.Debug|Any CPU.ActiveCfg = Debug|Any CPU
		{1127FF27-B9BB-4AFB-B157-C9952C7A8E6C}.Debug|Any CPU.Build.0 = Debug|Any CPU
		{1127FF27-B9BB-4AFB-B157-C9952C7A8E6C}.Release|Any CPU.ActiveCfg = Release|Any CPU
		{1127FF27-B9BB-4AFB-B157-C9952C7A8E6C}.Release|Any CPU.Build.0 = Release|Any CPU
	EndGlobalSection
	GlobalSection(SolutionProperties) = preSolution
		HideSolutionNode = FALSE
	EndGlobalSection
	GlobalSection(ExtensibilityGlobals) = postSolution
		SolutionGuid = {FB8D332C-F39F-4867-88A6-7A3908B502A3}
	EndGlobalSection
EndGlobal
